{
  "requires": true,
  "lockfileVersion": 1,
  "dependencies": {
    "captcha-image": {
      "version": "1.2.6",
      "resolved": "https://registry.npmjs.org/captcha-image/-/captcha-image-1.2.6.tgz",
      "integrity": "sha512-DR2pOD7BkklOYH2K1rGJ7sH9/pDXtRe0EpnyLr4FdapeTD2ban1gwixTVloJ6G8nux4i/8Nq5ZRoiu87jR1dEA=="
    }
  }
}
